
Microsoft Visual Studio Solution File, Format Version 12.00
# Visual Studio Version 17
VisualStudioVersion = 17.4.33403.182
MinimumVisualStudioVersion = 10.0.40219.1
Project("{FAE04EC0-301F-11D3-BF4B-00C04F79EFBC}") = "NuyuFitness.Web", "NuyuFitness.Web\NuyuFitness.Web.csproj", "{9751D182-C604-4DBA-957B-70ABFD28CEE6}"
EndProject
Project("{FAE04EC0-301F-11D3-BF4B-00C04F79EFBC}") = "NuyuFitness.Data", "NuyuFitness.Data\NuyuFitness.Data.csproj", "{9A3FDA83-9DE3-4C93-A341-9565F799AA2A}"
EndProject
Global
	GlobalSection(SolutionConfigurationPlatforms) = preSolution
		Debug|Any CPU = Debug|Any CPU
		Release|Any CPU = Release|Any CPU
	EndGlobalSection
	GlobalSection(ProjectConfigurationPlatforms) = postSolution
		{9751D182-C604-4DBA-957B-70ABFD28CEE6}.Debug|Any CPU.ActiveCfg = Debug|Any CPU
		{9751D182-C604-4DBA-957B-70ABFD28CEE6}.Debug|Any CPU.Build.0 = Debug|Any CPU
		{9751D182-C604-4DBA-957B-70ABFD28CEE6}.Release|Any CPU.ActiveCfg = Release|Any CPU
		{9751D182-C604-4DBA-957B-70ABFD28CEE6}.Release|Any CPU.Build.0 = Release|Any CPU
		{9A3FDA83-9DE3-4C93-A341-9565F799AA2A}.Debug|Any CPU.ActiveCfg = Debug|Any CPU
		{9A3FDA83-9DE3-4C93-A341-9565F799AA2A}.Debug|Any CPU.Build.0 = Debug|Any CPU
		{9A3FDA83-9DE3-4C93-A341-9565F799AA2A}.Release|Any CPU.ActiveCfg = Release|Any CPU
		{9A3FDA83-9DE3-4C93-A341-9565F799AA2A}.Release|Any CPU.Build.0 = Release|Any CPU
	EndGlobalSection
	GlobalSection(SolutionProperties) = preSolution
		HideSolutionNode = FALSE
	EndGlobalSection
	GlobalSection(ExtensibilityGlobals) = postSolution
		SolutionGuid = {071BB4A4-5D70-4072-91DE-3557372477CB}
	EndGlobalSection
EndGlobal
